
Microsoft Visual Studio Solution File, Format Version 12.00
# Visual Studio Version 17
VisualStudioVersion = 17.0.31903.59
MinimumVisualStudioVersion = 10.0.40219.1
Project("{FAE04EC0-301F-11D3-BF4B-00C04F79EFBC}") = "WebApi", "WebApi\WebApi.csproj", "{CA991F75-F233-42B1-88C9-CE8FF63C51B6}"
EndProject
Project("{FAE04EC0-301F-11D3-BF4B-00C04F79EFBC}") = "Entities", "Entities\Entities.csproj", "{62F0BEBE-DCCD-409A-B69E-60A4E2E5CA1A}"
EndProject
Project("{FAE04EC0-301F-11D3-BF4B-00C04F79EFBC}") = "Repositories", "Repositories\Repositories.csproj", "{61CBCE71-0B58-4ECE-87C3-312B36CD003A}"
EndProject
Project("{FAE04EC0-301F-11D3-BF4B-00C04F79EFBC}") = "Services", "Services\Services.csproj", "{5FEA5E52-7AB7-44DD-8E83-940F444C838F}"
EndProject
Project("{FAE04EC0-301F-11D3-BF4B-00C04F79EFBC}") = "Presentation", "Presentation\Presentation.csproj", "{92614D8A-CC25-4468-BAB6-314160DBC432}"
EndProject
Global
	GlobalSection(SolutionConfigurationPlatforms) = preSolution
		Debug|Any CPU = Debug|Any CPU
		Release|Any CPU = Release|Any CPU
	EndGlobalSection
	GlobalSection(ProjectConfigurationPlatforms) = postSolution
		{CA991F75-F233-42B1-88C9-CE8FF63C51B6}.Debug|Any CPU.ActiveCfg = Debug|Any CPU
		{CA991F75-F233-42B1-88C9-CE8FF63C51B6}.Debug|Any CPU.Build.0 = Debug|Any CPU
		{CA991F75-F233-42B1-88C9-CE8FF63C51B6}.Release|Any CPU.ActiveCfg = Release|Any CPU
		{CA991F75-F233-42B1-88C9-CE8FF63C51B6}.Release|Any CPU.Build.0 = Release|Any CPU
		{62F0BEBE-DCCD-409A-B69E-60A4E2E5CA1A}.Debug|Any CPU.ActiveCfg = Debug|Any CPU
		{62F0BEBE-DCCD-409A-B69E-60A4E2E5CA1A}.Debug|Any CPU.Build.0 = Debug|Any CPU
		{62F0BEBE-DCCD-409A-B69E-60A4E2E5CA1A}.Release|Any CPU.ActiveCfg = Release|Any CPU
		{62F0BEBE-DCCD-409A-B69E-60A4E2E5CA1A}.Release|Any CPU.Build.0 = Release|Any CPU
		{61CBCE71-0B58-4ECE-87C3-312B36CD003A}.Debug|Any CPU.ActiveCfg = Debug|Any CPU
		{61CBCE71-0B58-4ECE-87C3-312B36CD003A}.Debug|Any CPU.Build.0 = Debug|Any CPU
		{61CBCE71-0B58-4ECE-87C3-312B36CD003A}.Release|Any CPU.ActiveCfg = Release|Any CPU
		{61CBCE71-0B58-4ECE-87C3-312B36CD003A}.Release|Any CPU.Build.0 = Release|Any CPU
		{5FEA5E52-7AB7-44DD-8E83-940F444C838F}.Debug|Any CPU.ActiveCfg = Debug|Any CPU
		{5FEA5E52-7AB7-44DD-8E83-940F444C838F}.Debug|Any CPU.Build.0 = Debug|Any CPU
		{5FEA5E52-7AB7-44DD-8E83-940F444C838F}.Release|Any CPU.ActiveCfg = Release|Any CPU
		{5FEA5E52-7AB7-44DD-8E83-940F444C838F}.Release|Any CPU.Build.0 = Release|Any CPU
		{92614D8A-CC25-4468-BAB6-314160DBC432}.Debug|Any CPU.ActiveCfg = Debug|Any CPU
		{92614D8A-CC25-4468-BAB6-314160DBC432}.Debug|Any CPU.Build.0 = Debug|Any CPU
		{92614D8A-CC25-4468-BAB6-314160DBC432}.Release|Any CPU.ActiveCfg = Release|Any CPU
		{92614D8A-CC25-4468-BAB6-314160DBC432}.Release|Any CPU.Build.0 = Release|Any CPU
	EndGlobalSection
	GlobalSection(SolutionProperties) = preSolution
		HideSolutionNode = FALSE
	EndGlobalSection
	GlobalSection(ExtensibilityGlobals) = postSolution
		SolutionGuid = {D2D24036-9B32-46E0-839E-088ADBB8D34C}
	EndGlobalSection
EndGlobal
